
Microsoft Visual Studio Solution File, Format Version 12.00
# Visual Studio Version 17
VisualStudioVersion = 17.3.32929.385
MinimumVisualStudioVersion = 10.0.40219.1
Project("{FAE04EC0-301F-11D3-BF4B-00C04F79EFBC}") = "fake-announcements", "fake-announcements\fake-announcements.csproj", "{158D4D5B-7772-462A-9C99-6AA15F6D6DDE}"
EndProject
Global
	GlobalSection(SolutionConfigurationPlatforms) = preSolution
		Debug|Any CPU = Debug|Any CPU
		Release|Any CPU = Release|Any CPU
	EndGlobalSection
	GlobalSection(ProjectConfigurationPlatforms) = postSolution
		{158D4D5B-7772-462A-9C99-6AA15F6D6DDE}.Debug|Any CPU.ActiveCfg = Debug|Any CPU
		{158D4D5B-7772-462A-9C99-6AA15F6D6DDE}.Debug|Any CPU.Build.0 = Debug|Any CPU
		{158D4D5B-7772-462A-9C99-6AA15F6D6DDE}.Release|Any CPU.ActiveCfg = Release|Any CPU
		{158D4D5B-7772-462A-9C99-6AA15F6D6DDE}.Release|Any CPU.Build.0 = Release|Any CPU
	EndGlobalSection
	GlobalSection(SolutionProperties) = preSolution
		HideSolutionNode = FALSE
	EndGlobalSection
	GlobalSection(ExtensibilityGlobals) = postSolution
		SolutionGuid = {626C42B1-D37B-424C-8912-8B61BA4D80DB}
	EndGlobalSection
EndGlobal
